// !$*UTF8*$!
{
	archiveVersion = 1;
	classes = {
	};
	objectVersion = 51;
	objects = {

/* Begin PBXBuildFile section */
		011F49AB26FADA4E00AE84B8 /* RestaurantListViewModel.swift in Sources */ = {isa = PBXBuildFile; fileRef = 011F49AA26FADA4E00AE84B8 /* RestaurantListViewModel.swift */; };
		011F49AD26FADBB600AE84B8 /* RestaurantCell.swift in Sources */ = {isa = PBXBuildFile; fileRef = 011F49AC26FADBB600AE84B8 /* RestaurantCell.swift */; };
		011F49B026FADBF500AE84B8 /* Reusable.swift in Sources */ = {isa = PBXBuildFile; fileRef = 011F49AF26FADBF500AE84B8 /* Reusable.swift */; };
		011F49B226FAE8CE00AE84B8 /* UIView+Shadow.swift in Sources */ = {isa = PBXBuildFile; fileRef = 011F49B126FAE8CE00AE84B8 /* UIView+Shadow.swift */; };
		011F49B826FAEAA300AE84B8 /* Restaurant.swift in Sources */ = {isa = PBXBuildFile; fileRef = 011F49B726FAEAA300AE84B8 /* Restaurant.swift */; };
		011F49BA26FAEE1600AE84B8 /* restaurants.json in Resources */ = {isa = PBXBuildFile; fileRef = 011F49B926FAEE1600AE84B8 /* restaurants.json */; };
		011F49FA26FD213700AE84B8 /* RestaurantListMapViewController.swift in Sources */ = {isa = PBXBuildFile; fileRef = 011F49F926FD213700AE84B8 /* RestaurantListMapViewController.swift */; };
		011F49FC26FD2A1200AE84B8 /* NetworkService.swift in Sources */ = {isa = PBXBuildFile; fileRef = 011F49FB26FD2A1200AE84B8 /* NetworkService.swift */; };
		011F49FE26FD2A9A00AE84B8 /* APPConstants.swift in Sources */ = {isa = PBXBuildFile; fileRef = 011F49FD26FD2A9A00AE84B8 /* APPConstants.swift */; };
		011F4A0126FE7EDD00AE84B8 /* HomeViewModel.swift in Sources */ = {isa = PBXBuildFile; fileRef = 011F4A0026FE7EDD00AE84B8 /* HomeViewModel.swift */; };
		011F4A0426FE819500AE84B8 /* LocationService.swift in Sources */ = {isa = PBXBuildFile; fileRef = 011F4A0326FE819500AE84B8 /* LocationService.swift */; };
		011F4A0726FECD4700AE84B8 /* RestaurantDetailViewController.swift in Sources */ = {isa = PBXBuildFile; fileRef = 011F4A0626FECD4700AE84B8 /* RestaurantDetailViewController.swift */; };
		011F4A0926FECD8300AE84B8 /* RestaurantDetailViewModel.swift in Sources */ = {isa = PBXBuildFile; fileRef = 011F4A0826FECD8300AE84B8 /* RestaurantDetailViewModel.swift */; };
		011F4A0C26FECE8500AE84B8 /* Observable+UnWrap.swift in Sources */ = {isa = PBXBuildFile; fileRef = 011F4A0B26FECE8500AE84B8 /* Observable+UnWrap.swift */; };
		011F4A0E26FF6C7300AE84B8 /* RestaurantCellViewModel.swift in Sources */ = {isa = PBXBuildFile; fileRef = 011F4A0D26FF6C7300AE84B8 /* RestaurantCellViewModel.swift */; };
		011F4A1027013C2400AE84B8 /* CustomAnnotattionView.swift in Sources */ = {isa = PBXBuildFile; fileRef = 011F4A0F27013C2400AE84B8 /* CustomAnnotattionView.swift */; };
		011F4A12270161F500AE84B8 /* ActivityIndicator.swift in Sources */ = {isa = PBXBuildFile; fileRef = 011F4A11270161F500AE84B8 /* ActivityIndicator.swift */; };
		011F4A172701847100AE84B8 /* Localizable.strings in Resources */ = {isa = PBXBuildFile; fileRef = 011F4A192701847100AE84B8 /* Localizable.strings */; };
		0140795B26F3DE7F0020ACC1 /* AppDelegate.swift in Sources */ = {isa = PBXBuildFile; fileRef = 0140795A26F3DE7F0020ACC1 /* AppDelegate.swift */; };
		0140795D26F3DE7F0020ACC1 /* SceneDelegate.swift in Sources */ = {isa = PBXBuildFile; fileRef = 0140795C26F3DE7F0020ACC1 /* SceneDelegate.swift */; };
		0140795F26F3DE7F0020ACC1 /* HomeViewController.swift in Sources */ = {isa = PBXBuildFile; fileRef = 0140795E26F3DE7F0020ACC1 /* HomeViewController.swift */; };
		0140796226F3DE7F0020ACC1 /* Main.storyboard in Resources */ = {isa = PBXBuildFile; fileRef = 0140796026F3DE7F0020ACC1 /* Main.storyboard */; };
		0140796426F3DE810020ACC1 /* Assets.xcassets in Resources */ = {isa = PBXBuildFile; fileRef = 0140796326F3DE810020ACC1 /* Assets.xcassets */; };
		0140796726F3DE810020ACC1 /* LaunchScreen.storyboard in Resources */ = {isa = PBXBuildFile; fileRef = 0140796526F3DE810020ACC1 /* LaunchScreen.storyboard */; };
		0140797226F3DE810020ACC1 /* RestaurantDiscoveryTests.swift in Sources */ = {isa = PBXBuildFile; fileRef = 0140797126F3DE810020ACC1 /* RestaurantDiscoveryTests.swift */; };
		0140797D26F3DE810020ACC1 /* RestaurantDiscoveryUITests.swift in Sources */ = {isa = PBXBuildFile; fileRef = 0140797C26F3DE810020ACC1 /* RestaurantDiscoveryUITests.swift */; };
		0140799026FAD88B0020ACC1 /* RestaurantListViewController.swift in Sources */ = {isa = PBXBuildFile; fileRef = 0140798F26FAD88B0020ACC1 /* RestaurantListViewController.swift */; };
		58EDB3305A1CD4080B8ECF1B /* Pods_RestaurantDiscovery_RestaurantDiscoveryUITests.framework in Frameworks */ = {isa = PBXBuildFile; fileRef = A88CB2FB23B88564A01763FB /* Pods_RestaurantDiscovery_RestaurantDiscoveryUITests.framework */; };
		73A9EC72B3EC20EA5D182F7B /* Pods_RestaurantDiscoveryTests.framework in Frameworks */ = {isa = PBXBuildFile; fileRef = DF7C916FAA40CF55A8F9AE41 /* Pods_RestaurantDiscoveryTests.framework */; };
		A85F92CB172453C76A579365 /* Pods_RestaurantDiscovery.framework in Frameworks */ = {isa = PBXBuildFile; fileRef = 580186C468835C8B1E33BA6E /* Pods_RestaurantDiscovery.framework */; };
/* End PBXBuildFile section */

/* Begin PBXContainerItemProxy section */
		0140796E26F3DE810020ACC1 /* PBXContainerItemProxy */ = {
			isa = PBXContainerItemProxy;
			containerPortal = 0140794F26F3DE7F0020ACC1 /* Project object */;
			proxyType = 1;
			remoteGlobalIDString = 0140795626F3DE7F0020ACC1;
			remoteInfo = RestaurantDiscovery;
		};
		0140797926F3DE810020ACC1 /* PBXContainerItemProxy */ = {
			isa = PBXContainerItemProxy;
			containerPortal = 0140794F26F3DE7F0020ACC1 /* Project object */;
			proxyType = 1;
			remoteGlobalIDString = 0140795626F3DE7F0020ACC1;
			remoteInfo = RestaurantDiscovery;
		};
/* End PBXContainerItemProxy section */

/* Begin PBXFileReference section */
		011F49AA26FADA4E00AE84B8 /* RestaurantListViewModel.swift */ = {isa = PBXFileReference; lastKnownFileType = sourcecode.swift; path = RestaurantListViewModel.swift; sourceTree = "<group>"; };
		011F49AC26FADBB600AE84B8 /* RestaurantCell.swift */ = {isa = PBXFileReference; lastKnownFileType = sourcecode.swift; path = RestaurantCell.swift; sourceTree = "<group>"; };
		011F49AF26FADBF500AE84B8 /* Reusable.swift */ = {isa = PBXFileReference; lastKnownFileType = sourcecode.swift; path = Reusable.swift; sourceTree = "<group>"; };
		011F49B126FAE8CE00AE84B8 /* UIView+Shadow.swift */ = {isa = PBXFileReference; lastKnownFileType = sourcecode.swift; path = "UIView+Shadow.swift"; sourceTree = "<group>"; };
		011F49B726FAEAA300AE84B8 /* Restaurant.swift */ = {isa = PBXFileReference; lastKnownFileType = sourcecode.swift; path = Restaurant.swift; sourceTree = "<group>"; };
		011F49B926FAEE1600AE84B8 /* restaurants.json */ = {isa = PBXFileReference; lastKnownFileType = text.json; path = restaurants.json; sourceTree = "<group>"; };
		011F49F926FD213700AE84B8 /* RestaurantListMapViewController.swift */ = {isa = PBXFileReference; lastKnownFileType = sourcecode.swift; path = RestaurantListMapViewController.swift; sourceTree = "<group>"; };
		011F49FB26FD2A1200AE84B8 /* NetworkService.swift */ = {isa = PBXFileReference; lastKnownFileType = sourcecode.swift; path = NetworkService.swift; sourceTree = "<group>"; };
		011F49FD26FD2A9A00AE84B8 /* APPConstants.swift */ = {isa = PBXFileReference; lastKnownFileType = sourcecode.swift; path = APPConstants.swift; sourceTree = "<group>"; };
		011F4A0026FE7EDD00AE84B8 /* HomeViewModel.swift */ = {isa = PBXFileReference; lastKnownFileType = sourcecode.swift; path = HomeViewModel.swift; sourceTree = "<group>"; };
		011F4A0326FE819500AE84B8 /* LocationService.swift */ = {isa = PBXFileReference; lastKnownFileType = sourcecode.swift; path = LocationService.swift; sourceTree = "<group>"; };
		011F4A0626FECD4700AE84B8 /* RestaurantDetailViewController.swift */ = {isa = PBXFileReference; lastKnownFileType = sourcecode.swift; path = RestaurantDetailViewController.swift; sourceTree = "<group>"; };
		011F4A0826FECD8300AE84B8 /* RestaurantDetailViewModel.swift */ = {isa = PBXFileReference; lastKnownFileType = sourcecode.swift; path = RestaurantDetailViewModel.swift; sourceTree = "<group>"; };
		011F4A0B26FECE8500AE84B8 /* Observable+UnWrap.swift */ = {isa = PBXFileReference; lastKnownFileType = sourcecode.swift; path = "Observable+UnWrap.swift"; sourceTree = "<group>"; };
		011F4A0D26FF6C7300AE84B8 /* RestaurantCellViewModel.swift */ = {isa = PBXFileReference; lastKnownFileType = sourcecode.swift; path = RestaurantCellViewModel.swift; sourceTree = "<group>"; };
		011F4A0F27013C2400AE84B8 /* CustomAnnotattionView.swift */ = {isa = PBXFileReference; lastKnownFileType = sourcecode.swift; path = CustomAnnotattionView.swift; sourceTree = "<group>"; };
		011F4A11270161F500AE84B8 /* ActivityIndicator.swift */ = {isa = PBXFileReference; lastKnownFileType = sourcecode.swift; path = ActivityIndicator.swift; sourceTree = "<group>"; };
		011F4A132701841B00AE84B8 /* zh-Hans */ = {isa = PBXFileReference; lastKnownFileType = text.plist.strings; name = "zh-Hans"; path = "zh-Hans.lproj/Main.strings"; sourceTree = "<group>"; };
		011F4A142701841B00AE84B8 /* zh-Hans */ = {isa = PBXFileReference; lastKnownFileType = text.plist.strings; name = "zh-Hans"; path = "zh-Hans.lproj/LaunchScreen.strings"; sourceTree = "<group>"; };
		011F4A182701847100AE84B8 /* en */ = {isa = PBXFileReference; lastKnownFileType = text.plist.strings; name = en; path = en.lproj/Localizable.strings; sourceTree = "<group>"; };
		011F4A1A2701847700AE84B8 /* zh-Hans */ = {isa = PBXFileReference; lastKnownFileType = text.plist.strings; name = "zh-Hans"; path = "zh-Hans.lproj/Localizable.strings"; sourceTree = "<group>"; };
		0140795726F3DE7F0020ACC1 /* RestaurantDiscovery.app */ = {isa = PBXFileReference; explicitFileType = wrapper.application; includeInIndex = 0; path = RestaurantDiscovery.app; sourceTree = BUILT_PRODUCTS_DIR; };
		0140795A26F3DE7F0020ACC1 /* AppDelegate.swift */ = {isa = PBXFileReference; lastKnownFileType = sourcecode.swift; path = AppDelegate.swift; sourceTree = "<group>"; };
		0140795C26F3DE7F0020ACC1 /* SceneDelegate.swift */ = {isa = PBXFileReference; lastKnownFileType = sourcecode.swift; path = SceneDelegate.swift; sourceTree = "<group>"; };
		0140795E26F3DE7F0020ACC1 /* HomeViewController.swift */ = {isa = PBXFileReference; lastKnownFileType = sourcecode.swift; path = HomeViewController.swift; sourceTree = "<group>"; };
		0140796126F3DE7F0020ACC1 /* Base */ = {isa = PBXFileReference; lastKnownFileType = file.storyboard; name = Base; path = Base.lproj/Main.storyboard; sourceTree = "<group>"; };
		0140796326F3DE810020ACC1 /* Assets.xcassets */ = {isa = PBXFileReference; lastKnownFileType = folder.assetcatalog; path = Assets.xcassets; sourceTree = "<group>"; };
		0140796626F3DE810020ACC1 /* Base */ = {isa = PBXFileReference; lastKnownFileType = file.storyboard; name = Base; path = Base.lproj/LaunchScreen.storyboard; sourceTree = "<group>"; };
		0140796826F3DE810020ACC1 /* Info.plist */ = {isa = PBXFileReference; lastKnownFileType = text.plist.xml; path = Info.plist; sourceTree = "<group>"; };
		0140796D26F3DE810020ACC1 /* RestaurantDiscoveryTests.xctest */ = {isa = PBXFileReference; explicitFileType = wrapper.cfbundle; includeInIndex = 0; path = RestaurantDiscoveryTests.xctest; sourceTree = BUILT_PRODUCTS_DIR; };
		0140797126F3DE810020ACC1 /* RestaurantDiscoveryTests.swift */ = {isa = PBXFileReference; lastKnownFileType = sourcecode.swift; path = RestaurantDiscoveryTests.swift; sourceTree = "<group>"; };
		0140797326F3DE810020ACC1 /* Info.plist */ = {isa = PBXFileReference; lastKnownFileType = text.plist.xml; path = Info.plist; sourceTree = "<group>"; };
		0140797826F3DE810020ACC1 /* RestaurantDiscoveryUITests.xctest */ = {isa = PBXFileReference; explicitFileType = wrapper.cfbundle; includeInIndex = 0; path = RestaurantDiscoveryUITests.xctest; sourceTree = BUILT_PRODUCTS_DIR; };
		0140797C26F3DE810020ACC1 /* RestaurantDiscoveryUITests.swift */ = {isa = PBXFileReference; lastKnownFileType = sourcecode.swift; path = RestaurantDiscoveryUITests.swift; sourceTree = "<group>"; };
		0140797E26F3DE810020ACC1 /* Info.plist */ = {isa = PBXFileReference; lastKnownFileType = text.plist.xml; path = Info.plist; sourceTree = "<group>"; };
		0140798F26FAD88B0020ACC1 /* RestaurantListViewController.swift */ = {isa = PBXFileReference; lastKnownFileType = sourcecode.swift; path = RestaurantListViewController.swift; sourceTree = "<group>"; };
		070EF753DC70972333827C5E /* Pods-RestaurantDiscoveryTests.release.xcconfig */ = {isa = PBXFileReference; includeInIndex = 1; lastKnownFileType = text.xcconfig; name = "Pods-RestaurantDiscoveryTests.release.xcconfig"; path = "Target Support Files/Pods-RestaurantDiscoveryTests/Pods-RestaurantDiscoveryTests.release.xcconfig"; sourceTree = "<group>"; };
		16BC01D29189B20A36E935EE /* Pods-RestaurantDiscoveryTests.debug.xcconfig */ = {isa = PBXFileReference; includeInIndex = 1; lastKnownFileType = text.xcconfig; name = "Pods-RestaurantDiscoveryTests.debug.xcconfig"; path = "Target Support Files/Pods-RestaurantDiscoveryTests/Pods-RestaurantDiscoveryTests.debug.xcconfig"; sourceTree = "<group>"; };
		1897E4FF85D776ACB5442DFD /* Pods-RestaurantDiscovery-RestaurantDiscoveryUITests.debug.xcconfig */ = {isa = PBXFileReference; includeInIndex = 1; lastKnownFileType = text.xcconfig; name = "Pods-RestaurantDiscovery-RestaurantDiscoveryUITests.debug.xcconfig"; path = "Target Support Files/Pods-RestaurantDiscovery-RestaurantDiscoveryUITests/Pods-RestaurantDiscovery-RestaurantDiscoveryUITests.debug.xcconfig"; sourceTree = "<group>"; };
		580186C468835C8B1E33BA6E /* Pods_RestaurantDiscovery.framework */ = {isa = PBXFileReference; explicitFileType = wrapper.framework; includeInIndex = 0; path = Pods_RestaurantDiscovery.framework; sourceTree = BUILT_PRODUCTS_DIR; };
		6FDB140A1F57BE336E1EF05D /* Pods-RestaurantDiscovery-RestaurantDiscoveryUITests.release.xcconfig */ = {isa = PBXFileReference; includeInIndex = 1; lastKnownFileType = text.xcconfig; name = "Pods-RestaurantDiscovery-RestaurantDiscoveryUITests.release.xcconfig"; path = "Target Support Files/Pods-RestaurantDiscovery-RestaurantDiscoveryUITests/Pods-RestaurantDiscovery-RestaurantDiscoveryUITests.release.xcconfig"; sourceTree = "<group>"; };
		A88CB2FB23B88564A01763FB /* Pods_RestaurantDiscovery_RestaurantDiscoveryUITests.framework */ = {isa = PBXFileReference; explicitFileType = wrapper.framework; includeInIndex = 0; path = Pods_RestaurantDiscovery_RestaurantDiscoveryUITests.framework; sourceTree = BUILT_PRODUCTS_DIR; };
		B006C773E1319E586CCE0A65 /* Pods-RestaurantDiscovery.release.xcconfig */ = {isa = PBXFileReference; includeInIndex = 1; lastKnownFileType = text.xcconfig; name = "Pods-RestaurantDiscovery.release.xcconfig"; path = "Target Support Files/Pods-RestaurantDiscovery/Pods-RestaurantDiscovery.release.xcconfig"; sourceTree = "<group>"; };
		DF7C916FAA40CF55A8F9AE41 /* Pods_RestaurantDiscoveryTests.framework */ = {isa = PBXFileReference; explicitFileType = wrapper.framework; includeInIndex = 0; path = Pods_RestaurantDiscoveryTests.framework; sourceTree = BUILT_PRODUCTS_DIR; };
		E4DA49395B84145B2078975A /* Pods-RestaurantDiscovery.debug.xcconfig */ = {isa = PBXFileReference; includeInIndex = 1; lastKnownFileType = text.xcconfig; name = "Pods-RestaurantDiscovery.debug.xcconfig"; path = "Target Support Files/Pods-RestaurantDiscovery/Pods-RestaurantDiscovery.debug.xcconfig"; sourceTree = "<group>"; };
/* End PBXFileReference section */

/* Begin PBXFrameworksBuildPhase section */
		0140795426F3DE7F0020ACC1 /* Frameworks */ = {
			isa = PBXFrameworksBuildPhase;
			buildActionMask = 2147483647;
			files = (
				A85F92CB172453C76A579365 /* Pods_RestaurantDiscovery.framework in Frameworks */,
			);
			runOnlyForDeploymentPostprocessing = 0;
		};
		0140796A26F3DE810020ACC1 /* Frameworks */ = {
			isa = PBXFrameworksBuildPhase;
			buildActionMask = 2147483647;
			files = (
				73A9EC72B3EC20EA5D182F7B /* Pods_RestaurantDiscoveryTests.framework in Frameworks */,
			);
			runOnlyForDeploymentPostprocessing = 0;
		};
		0140797526F3DE810020ACC1 /* Frameworks */ = {
			isa = PBXFrameworksBuildPhase;
			buildActionMask = 2147483647;
			files = (
				58EDB3305A1CD4080B8ECF1B /* Pods_RestaurantDiscovery_RestaurantDiscoveryUITests.framework in Frameworks */,
			);
			runOnlyForDeploymentPostprocessing = 0;
		};
/* End PBXFrameworksBuildPhase section */

/* Begin PBXGroup section */
		011F49AE26FADBE500AE84B8 /* Extensions */ = {
			isa = PBXGroup;
			children = (
				011F49AF26FADBF500AE84B8 /* Reusable.swift */,
				011F49B126FAE8CE00AE84B8 /* UIView+Shadow.swift */,
				011F4A0B26FECE8500AE84B8 /* Observable+UnWrap.swift */,
				011F4A11270161F500AE84B8 /* ActivityIndicator.swift */,
			);
			path = Extensions;
			sourceTree = "<group>";
		};
		011F49B326FAE9CB00AE84B8 /* RestaurantListMap */ = {
			isa = PBXGroup;
			children = (
				011F49F926FD213700AE84B8 /* RestaurantListMapViewController.swift */,
				011F4A0F27013C2400AE84B8 /* CustomAnnotattionView.swift */,
			);
			path = RestaurantListMap;
			sourceTree = "<group>";
		};
		011F49B426FAEA0A00AE84B8 /* App */ = {
			isa = PBXGroup;
			children = (
				0140795A26F3DE7F0020ACC1 /* AppDelegate.swift */,
				011F49FD26FD2A9A00AE84B8 /* APPConstants.swift */,
				0140795C26F3DE7F0020ACC1 /* SceneDelegate.swift */,
				0140796026F3DE7F0020ACC1 /* Main.storyboard */,
			);
			path = App;
			sourceTree = "<group>";
		};
		011F49B526FAEA1A00AE84B8 /* Modules */ = {
			isa = PBXGroup;
			children = (
				011F4A0526FECD2E00AE84B8 /* RestaurantDetail */,
				011F49FF26FE7ECA00AE84B8 /* Home */,
				0140798E26FAD8690020ACC1 /* RestaurantList */,
				011F49B326FAE9CB00AE84B8 /* RestaurantListMap */,
			);
			path = Modules;
			sourceTree = "<group>";
		};
		011F49B626FAEA8B00AE84B8 /* Models */ = {
			isa = PBXGroup;
			children = (
				011F49B726FAEAA300AE84B8 /* Restaurant.swift */,
			);
			path = Models;
			sourceTree = "<group>";
		};
		011F49FF26FE7ECA00AE84B8 /* Home */ = {
			isa = PBXGroup;
			children = (
				0140795E26F3DE7F0020ACC1 /* HomeViewController.swift */,
				011F4A0026FE7EDD00AE84B8 /* HomeViewModel.swift */,
			);
			path = Home;
			sourceTree = "<group>";
		};
		011F4A0226FE818100AE84B8 /* Services */ = {
			isa = PBXGroup;
			children = (
				011F49FB26FD2A1200AE84B8 /* NetworkService.swift */,
				011F4A0326FE819500AE84B8 /* LocationService.swift */,
			);
			path = Services;
			sourceTree = "<group>";
		};
		011F4A0526FECD2E00AE84B8 /* RestaurantDetail */ = {
			isa = PBXGroup;
			children = (
				011F4A0626FECD4700AE84B8 /* RestaurantDetailViewController.swift */,
				011F4A0826FECD8300AE84B8 /* RestaurantDetailViewModel.swift */,
			);
			path = RestaurantDetail;
			sourceTree = "<group>";
		};
		011F4A1B2701878B00AE84B8 /* Data */ = {
			isa = PBXGroup;
			children = (
				011F49B926FAEE1600AE84B8 /* restaurants.json */,
			);
			path = Data;
			sourceTree = "<group>";
		};
		0140794E26F3DE7F0020ACC1 = {
			isa = PBXGroup;
			children = (
				0140795926F3DE7F0020ACC1 /* RestaurantDiscovery */,
				0140797026F3DE810020ACC1 /* RestaurantDiscoveryTests */,
				0140797B26F3DE810020ACC1 /* RestaurantDiscoveryUITests */,
				0140795826F3DE7F0020ACC1 /* Products */,
				13A3F8D57BD81589F7A2456E /* Pods */,
				0BCC531864AD6BDF1865BB92 /* Frameworks */,
			);
			sourceTree = "<group>";
		};
		0140795826F3DE7F0020ACC1 /* Products */ = {
			isa = PBXGroup;
			children = (
				0140795726F3DE7F0020ACC1 /* RestaurantDiscovery.app */,
				0140796D26F3DE810020ACC1 /* RestaurantDiscoveryTests.xctest */,
				0140797826F3DE810020ACC1 /* RestaurantDiscoveryUITests.xctest */,
			);
			name = Products;
			sourceTree = "<group>";
		};
		0140795926F3DE7F0020ACC1 /* RestaurantDiscovery */ = {
			isa = PBXGroup;
			children = (
				011F4A0226FE818100AE84B8 /* Services */,
				011F49B426FAEA0A00AE84B8 /* App */,
				011F49B526FAEA1A00AE84B8 /* Modules */,
				011F49AE26FADBE500AE84B8 /* Extensions */,
				011F49B626FAEA8B00AE84B8 /* Models */,
				011F4A1B2701878B00AE84B8 /* Data */,
				0140796326F3DE810020ACC1 /* Assets.xcassets */,
				0140796526F3DE810020ACC1 /* LaunchScreen.storyboard */,
				0140796826F3DE810020ACC1 /* Info.plist */,
				011F4A192701847100AE84B8 /* Localizable.strings */,
			);
			path = RestaurantDiscovery;
			sourceTree = "<group>";
		};
		0140797026F3DE810020ACC1 /* RestaurantDiscoveryTests */ = {
			isa = PBXGroup;
			children = (
				0140797126F3DE810020ACC1 /* RestaurantDiscoveryTests.swift */,
				0140797326F3DE810020ACC1 /* Info.plist */,
			);
			path = RestaurantDiscoveryTests;
			sourceTree = "<group>";
		};
		0140797B26F3DE810020ACC1 /* RestaurantDiscoveryUITests */ = {
			isa = PBXGroup;
			children = (
				0140797C26F3DE810020ACC1 /* RestaurantDiscoveryUITests.swift */,
				0140797E26F3DE810020ACC1 /* Info.plist */,
			);
			path = RestaurantDiscoveryUITests;
			sourceTree = "<group>";
		};
		0140798E26FAD8690020ACC1 /* RestaurantList */ = {
			isa = PBXGroup;
			children = (
				0140798F26FAD88B0020ACC1 /* RestaurantListViewController.swift */,
				011F49AA26FADA4E00AE84B8 /* RestaurantListViewModel.swift */,
				011F49AC26FADBB600AE84B8 /* RestaurantCell.swift */,
				011F4A0D26FF6C7300AE84B8 /* RestaurantCellViewModel.swift */,
			);
			path = RestaurantList;
			sourceTree = "<group>";
		};
		0BCC531864AD6BDF1865BB92 /* Frameworks */ = {
			isa = PBXGroup;
			children = (
				580186C468835C8B1E33BA6E /* Pods_RestaurantDiscovery.framework */,
				A88CB2FB23B88564A01763FB /* Pods_RestaurantDiscovery_RestaurantDiscoveryUITests.framework */,
				DF7C916FAA40CF55A8F9AE41 /* Pods_RestaurantDiscoveryTests.framework */,
			);
			name = Frameworks;
			sourceTree = "<group>";
		};
		13A3F8D57BD81589F7A2456E /* Pods */ = {
			isa = PBXGroup;
			children = (
				E4DA49395B84145B2078975A /* Pods-RestaurantDiscovery.debug.xcconfig */,
				B006C773E1319E586CCE0A65 /* Pods-RestaurantDiscovery.release.xcconfig */,
				1897E4FF85D776ACB5442DFD /* Pods-RestaurantDiscovery-RestaurantDiscoveryUITests.debug.xcconfig */,
				6FDB140A1F57BE336E1EF05D /* Pods-RestaurantDiscovery-RestaurantDiscoveryUITests.release.xcconfig */,
				16BC01D29189B20A36E935EE /* Pods-RestaurantDiscoveryTests.debug.xcconfig */,
				070EF753DC70972333827C5E /* Pods-RestaurantDiscoveryTests.release.xcconfig */,
			);
			path = Pods;
			sourceTree = "<group>";
		};
/* End PBXGroup section */

/* Begin PBXNativeTarget section */
		0140795626F3DE7F0020ACC1 /* RestaurantDiscovery */ = {
			isa = PBXNativeTarget;
			buildConfigurationList = 0140798126F3DE810020ACC1 /* Build configuration list for PBXNativeTarget "RestaurantDiscovery" */;
			buildPhases = (
				B39A008D4170B9AAD6375C41 /* [CP] Check Pods Manifest.lock */,
				0140795326F3DE7F0020ACC1 /* Sources */,
				0140795426F3DE7F0020ACC1 /* Frameworks */,
				0140795526F3DE7F0020ACC1 /* Resources */,
				092F03D823B97088D73881B2 /* [CP] Embed Pods Frameworks */,
			);
			buildRules = (
			);
			dependencies = (
			);
			name = RestaurantDiscovery;
			productName = RestaurantDiscovery;
			productReference = 0140795726F3DE7F0020ACC1 /* RestaurantDiscovery.app */;
			productType = "com.apple.product-type.application";
		};
		0140796C26F3DE810020ACC1 /* RestaurantDiscoveryTests */ = {
			isa = PBXNativeTarget;
			buildConfigurationList = 0140798426F3DE810020ACC1 /* Build configuration list for PBXNativeTarget "RestaurantDiscoveryTests" */;
			buildPhases = (
				F3409B40C730A0E0C111F7F9 /* [CP] Check Pods Manifest.lock */,
				0140796926F3DE810020ACC1 /* Sources */,
				0140796A26F3DE810020ACC1 /* Frameworks */,
				0140796B26F3DE810020ACC1 /* Resources */,
			);
			buildRules = (
			);
			dependencies = (
				0140796F26F3DE810020ACC1 /* PBXTargetDependency */,
			);
			name = RestaurantDiscoveryTests;
			productName = RestaurantDiscoveryTests;
			productReference = 0140796D26F3DE810020ACC1 /* RestaurantDiscoveryTests.xctest */;
			productType = "com.apple.product-type.bundle.unit-test";
		};
		0140797726F3DE810020ACC1 /* RestaurantDiscoveryUITests */ = {
			isa = PBXNativeTarget;
			buildConfigurationList = 0140798726F3DE810020ACC1 /* Build configuration list for PBXNativeTarget "RestaurantDiscoveryUITests" */;
			buildPhases = (
				9CADA6A4B1CF4B7F6DC7FDE9 /* [CP] Check Pods Manifest.lock */,
				0140797426F3DE810020ACC1 /* Sources */,
				0140797526F3DE810020ACC1 /* Frameworks */,
				0140797626F3DE810020ACC1 /* Resources */,
				BCE9794AC749660E72203D65 /* [CP] Embed Pods Frameworks */,
			);
			buildRules = (
			);
			dependencies = (
				0140797A26F3DE810020ACC1 /* PBXTargetDependency */,
			);
			name = RestaurantDiscoveryUITests;
			productName = RestaurantDiscoveryUITests;
			productReference = 0140797826F3DE810020ACC1 /* RestaurantDiscoveryUITests.xctest */;
			productType = "com.apple.product-type.bundle.ui-testing";
		};
/* End PBXNativeTarget section */

/* Begin PBXProject section */
		0140794F26F3DE7F0020ACC1 /* Project object */ = {
			isa = PBXProject;
			attributes = {
				LastSwiftUpdateCheck = 1250;
				LastUpgradeCheck = 1250;
				TargetAttributes = {
					0140795626F3DE7F0020ACC1 = {
						CreatedOnToolsVersion = 12.5.1;
					};
					0140796C26F3DE810020ACC1 = {
						CreatedOnToolsVersion = 12.5.1;
						TestTargetID = 0140795626F3DE7F0020ACC1;
					};
					0140797726F3DE810020ACC1 = {
						CreatedOnToolsVersion = 12.5.1;
						TestTargetID = 0140795626F3DE7F0020ACC1;
					};
				};
			};
			buildConfigurationList = 0140795226F3DE7F0020ACC1 /* Build configuration list for PBXProject "RestaurantDiscovery" */;
			compatibilityVersion = "Xcode 9.3";
			developmentRegion = en;
			hasScannedForEncodings = 0;
			knownRegions = (
				en,
				Base,
				"zh-Hans",
			);
			mainGroup = 0140794E26F3DE7F0020ACC1;
			productRefGroup = 0140795826F3DE7F0020ACC1 /* Products */;
			projectDirPath = "";
			projectRoot = "";
			targets = (
				0140795626F3DE7F0020ACC1 /* RestaurantDiscovery */,
				0140796C26F3DE810020ACC1 /* RestaurantDiscoveryTests */,
				0140797726F3DE810020ACC1 /* RestaurantDiscoveryUITests */,
			);
		};
/* End PBXProject section */

/* Begin PBXResourcesBuildPhase section */
		0140795526F3DE7F0020ACC1 /* Resources */ = {
			isa = PBXResourcesBuildPhase;
			buildActionMask = 2147483647;
			files = (
				011F4A172701847100AE84B8 /* Localizable.strings in Resources */,
				011F49BA26FAEE1600AE84B8 /* restaurants.json in Resources */,
				0140796726F3DE810020ACC1 /* LaunchScreen.storyboard in Resources */,
				0140796426F3DE810020ACC1 /* Assets.xcassets in Resources */,
				0140796226F3DE7F0020ACC1 /* Main.storyboard in Resources */,
			);
			runOnlyForDeploymentPostprocessing = 0;
		};
		0140796B26F3DE810020ACC1 /* Resources */ = {
			isa = PBXResourcesBuildPhase;
			buildActionMask = 2147483647;
			files = (
			);
			runOnlyForDeploymentPostprocessing = 0;
		};
		0140797626F3DE810020ACC1 /* Resources */ = {
			isa = PBXResourcesBuildPhase;
			buildActionMask = 2147483647;
			files = (
			);
			runOnlyForDeploymentPostprocessing = 0;
		};
/* End PBXResourcesBuildPhase section */

/* Begin PBXShellScriptBuildPhase section */
		092F03D823B97088D73881B2 /* [CP] Embed Pods Frameworks */ = {
			isa = PBXShellScriptBuildPhase;
			buildActionMask = 2147483647;
			files = (
			);
			inputFileListPaths = (
				"${PODS_ROOT}/Target Support Files/Pods-RestaurantDiscovery/Pods-RestaurantDiscovery-frameworks-${CONFIGURATION}-input-files.xcfilelist",
			);
			name = "[CP] Embed Pods Frameworks";
			outputFileListPaths = (
				"${PODS_ROOT}/Target Support Files/Pods-RestaurantDiscovery/Pods-RestaurantDiscovery-frameworks-${CONFIGURATION}-output-files.xcfilelist",
			);
			runOnlyForDeploymentPostprocessing = 0;
			shellPath = /bin/sh;
			shellScript = "\"${PODS_ROOT}/Target Support Files/Pods-RestaurantDiscovery/Pods-RestaurantDiscovery-frameworks.sh\"\n";
			showEnvVarsInLog = 0;
		};
		9CADA6A4B1CF4B7F6DC7FDE9 /* [CP] Check Pods Manifest.lock */ = {
			isa = PBXShellScriptBuildPhase;
			buildActionMask = 2147483647;
			files = (
			);
			inputFileListPaths = (
			);
			inputPaths = (
				"${PODS_PODFILE_DIR_PATH}/Podfile.lock",
				"${PODS_ROOT}/Manifest.lock",
			);
			name = "[CP] Check Pods Manifest.lock";
			outputFileListPaths = (
			);
			outputPaths = (
				"$(DERIVED_FILE_DIR)/Pods-RestaurantDiscovery-RestaurantDiscoveryUITests-checkManifestLockResult.txt",
			);
			runOnlyForDeploymentPostprocessing = 0;
			shellPath = /bin/sh;
			shellScript = "diff \"${PODS_PODFILE_DIR_PATH}/Podfile.lock\" \"${PODS_ROOT}/Manifest.lock\" > /dev/null\nif [ $? != 0 ] ; then\n    # print error to STDERR\n    echo \"error: The sandbox is not in sync with the Podfile.lock. Run 'pod install' or update your CocoaPods installation.\" >&2\n    exit 1\nfi\n# This output is used by Xcode 'outputs' to avoid re-running this script phase.\necho \"SUCCESS\" > \"${SCRIPT_OUTPUT_FILE_0}\"\n";
			showEnvVarsInLog = 0;
		};
		B39A008D4170B9AAD6375C41 /* [CP] Check Pods Manifest.lock */ = {
			isa = PBXShellScriptBuildPhase;
			buildActionMask = 2147483647;
			files = (
			);
			inputFileListPaths = (
			);
			inputPaths = (
				"${PODS_PODFILE_DIR_PATH}/Podfile.lock",
				"${PODS_ROOT}/Manifest.lock",
			);
			name = "[CP] Check Pods Manifest.lock";
			outputFileListPaths = (
			);
			outputPaths = (
				"$(DERIVED_FILE_DIR)/Pods-RestaurantDiscovery-checkManifestLockResult.txt",
			);
			runOnlyForDeploymentPostprocessing = 0;
			shellPath = /bin/sh;
			shellScript = "diff \"${PODS_PODFILE_DIR_PATH}/Podfile.lock\" \"${PODS_ROOT}/Manifest.lock\" > /dev/null\nif [ $? != 0 ] ; then\n    # print error to STDERR\n    echo \"error: The sandbox is not in sync with the Podfile.lock. Run 'pod install' or update your CocoaPods installation.\" >&2\n    exit 1\nfi\n# This output is used by Xcode 'outputs' to avoid re-running this script phase.\necho \"SUCCESS\" > \"${SCRIPT_OUTPUT_FILE_0}\"\n";
			showEnvVarsInLog = 0;
		};
		BCE9794AC749660E72203D65 /* [CP] Embed Pods Frameworks */ = {
			isa = PBXShellScriptBuildPhase;
			buildActionMask = 2147483647;
			files = (
			);
			inputFileListPaths = (
				"${PODS_ROOT}/Target Support Files/Pods-RestaurantDiscovery-RestaurantDiscoveryUITests/Pods-RestaurantDiscovery-RestaurantDiscoveryUITests-frameworks-${CONFIGURATION}-input-files.xcfilelist",
			);
			name = "[CP] Embed Pods Frameworks";
			outputFileListPaths = (
				"${PODS_ROOT}/Target Support Files/Pods-RestaurantDiscovery-RestaurantDiscoveryUITests/Pods-RestaurantDiscovery-RestaurantDiscoveryUITests-frameworks-${CONFIGURATION}-output-files.xcfilelist",
			);
			runOnlyForDeploymentPostprocessing = 0;
			shellPath = /bin/sh;
			shellScript = "\"${PODS_ROOT}/Target Support Files/Pods-RestaurantDiscovery-RestaurantDiscoveryUITests/Pods-RestaurantDiscovery-RestaurantDiscoveryUITests-frameworks.sh\"\n";
			showEnvVarsInLog = 0;
		};
		F3409B40C730A0E0C111F7F9 /* [CP] Check Pods Manifest.lock */ = {
			isa = PBXShellScriptBuildPhase;
			buildActionMask = 2147483647;
			files = (
			);
			inputFileListPaths = (
			);
			inputPaths = (
				"${PODS_PODFILE_DIR_PATH}/Podfile.lock",
				"${PODS_ROOT}/Manifest.lock",
			);
			name = "[CP] Check Pods Manifest.lock";
			outputFileListPaths = (
			);
			outputPaths = (
				"$(DERIVED_FILE_DIR)/Pods-RestaurantDiscoveryTests-checkManifestLockResult.txt",
			);
			runOnlyForDeploymentPostprocessing = 0;
			shellPath = /bin/sh;
			shellScript = "diff \"${PODS_PODFILE_DIR_PATH}/Podfile.lock\" \"${PODS_ROOT}/Manifest.lock\" > /dev/null\nif [ $? != 0 ] ; then\n    # print error to STDERR\n    echo \"error: The sandbox is not in sync with the Podfile.lock. Run 'pod install' or update your CocoaPods installation.\" >&2\n    exit 1\nfi\n# This output is used by Xcode 'outputs' to avoid re-running this script phase.\necho \"SUCCESS\" > \"${SCRIPT_OUTPUT_FILE_0}\"\n";
			showEnvVarsInLog = 0;
		};
/* End PBXShellScriptBuildPhase section */

/* Begin PBXSourcesBuildPhase section */
		0140795326F3DE7F0020ACC1 /* Sources */ = {
			isa = PBXSourcesBuildPhase;
			buildActionMask = 2147483647;
			files = (
				011F4A0426FE819500AE84B8 /* LocationService.swift in Sources */,
				011F49B226FAE8CE00AE84B8 /* UIView+Shadow.swift in Sources */,
				011F4A0926FECD8300AE84B8 /* RestaurantDetailViewModel.swift in Sources */,
				011F49AD26FADBB600AE84B8 /* RestaurantCell.swift in Sources */,
				011F49FA26FD213700AE84B8 /* RestaurantListMapViewController.swift in Sources */,
				011F49FE26FD2A9A00AE84B8 /* APPConstants.swift in Sources */,
				0140795F26F3DE7F0020ACC1 /* HomeViewController.swift in Sources */,
				011F49B026FADBF500AE84B8 /* Reusable.swift in Sources */,
				011F4A0726FECD4700AE84B8 /* RestaurantDetailViewController.swift in Sources */,
				011F49FC26FD2A1200AE84B8 /* NetworkService.swift in Sources */,
				011F49AB26FADA4E00AE84B8 /* RestaurantListViewModel.swift in Sources */,
				011F4A1027013C2400AE84B8 /* CustomAnnotattionView.swift in Sources */,
				011F4A0E26FF6C7300AE84B8 /* RestaurantCellViewModel.swift in Sources */,
				011F4A0126FE7EDD00AE84B8 /* HomeViewModel.swift in Sources */,
				0140799026FAD88B0020ACC1 /* RestaurantListViewController.swift in Sources */,
				0140795B26F3DE7F0020ACC1 /* AppDelegate.swift in Sources */,
				011F4A12270161F500AE84B8 /* ActivityIndicator.swift in Sources */,
				011F4A0C26FECE8500AE84B8 /* Observable+UnWrap.swift in Sources */,
				0140795D26F3DE7F0020ACC1 /* SceneDelegate.swift in Sources */,
				011F49B826FAEAA300AE84B8 /* Restaurant.swift in Sources */,
			);
			runOnlyForDeploymentPostprocessing = 0;
		};
		0140796926F3DE810020ACC1 /* Sources */ = {
			isa = PBXSourcesBuildPhase;
			buildActionMask = 2147483647;
			files = (
				0140797226F3DE810020ACC1 /* RestaurantDiscoveryTests.swift in Sources */,
			);
			runOnlyForDeploymentPostprocessing = 0;
		};
		0140797426F3DE810020ACC1 /* Sources */ = {
			isa = PBXSourcesBuildPhase;
			buildActionMask = 2147483647;
			files = (
				0140797D26F3DE810020ACC1 /* RestaurantDiscoveryUITests.swift in Sources */,
			);
			runOnlyForDeploymentPostprocessing = 0;
		};
/* End PBXSourcesBuildPhase section */

/* Begin PBXTargetDependency section */
		0140796F26F3DE810020ACC1 /* PBXTargetDependency */ = {
			isa = PBXTargetDependency;
			target = 0140795626F3DE7F0020ACC1 /* RestaurantDiscovery */;
			targetProxy = 0140796E26F3DE810020ACC1 /* PBXContainerItemProxy */;
		};
		0140797A26F3DE810020ACC1 /* PBXTargetDependency */ = {
			isa = PBXTargetDependency;
			target = 0140795626F3DE7F0020ACC1 /* RestaurantDiscovery */;
			targetProxy = 0140797926F3DE810020ACC1 /* PBXContainerItemProxy */;
		};
/* End PBXTargetDependency section */

/* Begin PBXVariantGroup section */
		011F4A192701847100AE84B8 /* Localizable.strings */ = {
			isa = PBXVariantGroup;
			children = (
				011F4A182701847100AE84B8 /* en */,
				011F4A1A2701847700AE84B8 /* zh-Hans */,
			);
			name = Localizable.strings;
			sourceTree = "<group>";
		};
		0140796026F3DE7F0020ACC1 /* Main.storyboard */ = {
			isa = PBXVariantGroup;
			children = (
				0140796126F3DE7F0020ACC1 /* Base */,
				011F4A132701841B00AE84B8 /* zh-Hans */,
			);
			name = Main.storyboard;
			sourceTree = "<group>";
		};
		0140796526F3DE810020ACC1 /* LaunchScreen.storyboard */ = {
			isa = PBXVariantGroup;
			children = (
				0140796626F3DE810020ACC1 /* Base */,
				011F4A142701841B00AE84B8 /* zh-Hans */,
			);
			name = LaunchScreen.storyboard;
			sourceTree = "<group>";
		};
/* End PBXVariantGroup section */

/* Begin XCBuildConfiguration section */
		0140797F26F3DE810020ACC1 /* Debug */ = {
			isa = XCBuildConfiguration;
			buildSettings = {
				ALWAYS_SEARCH_USER_PATHS = NO;
				CLANG_ANALYZER_LOCALIZABILITY_NONLOCALIZED = YES;
				CLANG_ANALYZER_NONNULL = YES;
				CLANG_ANALYZER_NUMBER_OBJECT_CONVERSION = YES_AGGRESSIVE;
				CLANG_CXX_LANGUAGE_STANDARD = "gnu++14";
				CLANG_CXX_LIBRARY = "libc++";
				CLANG_ENABLE_MODULES = YES;
				CLANG_ENABLE_OBJC_ARC = YES;
				CLANG_ENABLE_OBJC_WEAK = YES;
				CLANG_WARN_BLOCK_CAPTURE_AUTORELEASING = YES;
				CLANG_WARN_BOOL_CONVERSION = YES;
				CLANG_WARN_COMMA = YES;
				CLANG_WARN_CONSTANT_CONVERSION = YES;
				CLANG_WARN_DEPRECATED_OBJC_IMPLEMENTATIONS = YES;
				CLANG_WARN_DIRECT_OBJC_ISA_USAGE = YES_ERROR;
				CLANG_WARN_DOCUMENTATION_COMMENTS = YES;
				CLANG_WARN_EMPTY_BODY = YES;
				CLANG_WARN_ENUM_CONVERSION = YES;
				CLANG_WARN_INFINITE_RECURSION = YES;
				CLANG_WARN_INT_CONVERSION = YES;
				CLANG_WARN_NON_LITERAL_NULL_CONVERSION = YES;
				CLANG_WARN_OBJC_IMPLICIT_RETAIN_SELF = YES;
				CLANG_WARN_OBJC_LITERAL_CONVERSION = YES;
				CLANG_WARN_OBJC_ROOT_CLASS = YES_ERROR;
				CLANG_WARN_QUOTED_INCLUDE_IN_FRAMEWORK_HEADER = YES;
				CLANG_WARN_RANGE_LOOP_ANALYSIS = YES;
				CLANG_WARN_STRICT_PROTOTYPES = YES;
				CLANG_WARN_SUSPICIOUS_MOVE = YES;
				CLANG_WARN_UNGUARDED_AVAILABILITY = YES_AGGRESSIVE;
				CLANG_WARN_UNREACHABLE_CODE = YES;
				CLANG_WARN__DUPLICATE_METHOD_MATCH = YES;
				COPY_PHASE_STRIP = NO;
				DEBUG_INFORMATION_FORMAT = dwarf;
				ENABLE_STRICT_OBJC_MSGSEND = YES;
				ENABLE_TESTABILITY = YES;
				GCC_C_LANGUAGE_STANDARD = gnu11;
				GCC_DYNAMIC_NO_PIC = NO;
				GCC_NO_COMMON_BLOCKS = YES;
				GCC_OPTIMIZATION_LEVEL = 0;
				GCC_PREPROCESSOR_DEFINITIONS = (
					"DEBUG=1",
					"$(inherited)",
				);
				GCC_WARN_64_TO_32_BIT_CONVERSION = YES;
				GCC_WARN_ABOUT_RETURN_TYPE = YES_ERROR;
				GCC_WARN_UNDECLARED_SELECTOR = YES;
				GCC_WARN_UNINITIALIZED_AUTOS = YES_AGGRESSIVE;
				GCC_WARN_UNUSED_FUNCTION = YES;
				GCC_WARN_UNUSED_VARIABLE = YES;
				IPHONEOS_DEPLOYMENT_TARGET = 14.5;
				MTL_ENABLE_DEBUG_INFO = INCLUDE_SOURCE;
				MTL_FAST_MATH = YES;
				ONLY_ACTIVE_ARCH = YES;
				SDKROOT = iphoneos;
				SWIFT_ACTIVE_COMPILATION_CONDITIONS = DEBUG;
				SWIFT_OPTIMIZATION_LEVEL = "-Onone";
			};
			name = Debug;
		};
		0140798026F3DE810020ACC1 /* Release */ = {
			isa = XCBuildConfiguration;
			buildSettings = {
				ALWAYS_SEARCH_USER_PATHS = NO;
				CLANG_ANALYZER_LOCALIZABILITY_NONLOCALIZED = YES;
				CLANG_ANALYZER_NONNULL = YES;
				CLANG_ANALYZER_NUMBER_OBJECT_CONVERSION = YES_AGGRESSIVE;
				CLANG_CXX_LANGUAGE_STANDARD = "gnu++14";
				CLANG_CXX_LIBRARY = "libc++";
				CLANG_ENABLE_MODULES = YES;
				CLANG_ENABLE_OBJC_ARC = YES;
				CLANG_ENABLE_OBJC_WEAK = YES;
				CLANG_WARN_BLOCK_CAPTURE_AUTORELEASING = YES;
				CLANG_WARN_BOOL_CONVERSION = YES;
				CLANG_WARN_COMMA = YES;
				CLANG_WARN_CONSTANT_CONVERSION = YES;
				CLANG_WARN_DEPRECATED_OBJC_IMPLEMENTATIONS = YES;
				CLANG_WARN_DIRECT_OBJC_ISA_USAGE = YES_ERROR;
				CLANG_WARN_DOCUMENTATION_COMMENTS = YES;
				CLANG_WARN_EMPTY_BODY = YES;
				CLANG_WARN_ENUM_CONVERSION = YES;
				CLANG_WARN_INFINITE_RECURSION = YES;
				CLANG_WARN_INT_CONVERSION = YES;
				CLANG_WARN_NON_LITERAL_NULL_CONVERSION = YES;
				CLANG_WARN_OBJC_IMPLICIT_RETAIN_SELF = YES;
				CLANG_WARN_OBJC_LITERAL_CONVERSION = YES;
				CLANG_WARN_OBJC_ROOT_CLASS = YES_ERROR;
				CLANG_WARN_QUOTED_INCLUDE_IN_FRAMEWORK_HEADER = YES;
				CLANG_WARN_RANGE_LOOP_ANALYSIS = YES;
				CLANG_WARN_STRICT_PROTOTYPES = YES;
				CLANG_WARN_SUSPICIOUS_MOVE = YES;
				CLANG_WARN_UNGUARDED_AVAILABILITY = YES_AGGRESSIVE;
				CLANG_WARN_UNREACHABLE_CODE = YES;
				CLANG_WARN__DUPLICATE_METHOD_MATCH = YES;
				COPY_PHASE_STRIP = NO;
				DEBUG_INFORMATION_FORMAT = "dwarf-with-dsym";
				ENABLE_NS_ASSERTIONS = NO;
				ENABLE_STRICT_OBJC_MSGSEND = YES;
				GCC_C_LANGUAGE_STANDARD = gnu11;
				GCC_NO_COMMON_BLOCKS = YES;
				GCC_WARN_64_TO_32_BIT_CONVERSION = YES;
				GCC_WARN_ABOUT_RETURN_TYPE = YES_ERROR;
				GCC_WARN_UNDECLARED_SELECTOR = YES;
				GCC_WARN_UNINITIALIZED_AUTOS = YES_AGGRESSIVE;
				GCC_WARN_UNUSED_FUNCTION = YES;
				GCC_WARN_UNUSED_VARIABLE = YES;
				IPHONEOS_DEPLOYMENT_TARGET = 14.5;
				MTL_ENABLE_DEBUG_INFO = NO;
				MTL_FAST_MATH = YES;
				SDKROOT = iphoneos;
				SWIFT_COMPILATION_MODE = wholemodule;
				SWIFT_OPTIMIZATION_LEVEL = "-O";
				VALIDATE_PRODUCT = YES;
			};
			name = Release;
		};
		0140798226F3DE810020ACC1 /* Debug */ = {
			isa = XCBuildConfiguration;
			baseConfigurationReference = E4DA49395B84145B2078975A /* Pods-RestaurantDiscovery.debug.xcconfig */;
			buildSettings = {
				ASSETCATALOG_COMPILER_APPICON_NAME = AppIcon;
				ASSETCATALOG_COMPILER_GLOBAL_ACCENT_COLOR_NAME = AccentColor;
				CODE_SIGN_STYLE = Automatic;
				DEVELOPMENT_TEAM = JV4K4AEVUU;
				INFOPLIST_FILE = RestaurantDiscovery/Info.plist;
				LD_RUNPATH_SEARCH_PATHS = (
					"$(inherited)",
					"@executable_path/Frameworks",
				);
				PRODUCT_BUNDLE_IDENTIFIER = com.nick.playground.RestaurantDiscovery;
				PRODUCT_NAME = "$(TARGET_NAME)";
				SWIFT_VERSION = 5.0;
				TARGETED_DEVICE_FAMILY = "1,2";
			};
			name = Debug;
		};
		0140798326F3DE810020ACC1 /* Release */ = {
			isa = XCBuildConfiguration;
			baseConfigurationReference = B006C773E1319E586CCE0A65 /* Pods-RestaurantDiscovery.release.xcconfig */;
			buildSettings = {
				ASSETCATALOG_COMPILER_APPICON_NAME = AppIcon;
				ASSETCATALOG_COMPILER_GLOBAL_ACCENT_COLOR_NAME = AccentColor;
				CODE_SIGN_STYLE = Automatic;
				DEVELOPMENT_TEAM = JV4K4AEVUU;
				INFOPLIST_FILE = RestaurantDiscovery/Info.plist;
				LD_RUNPATH_SEARCH_PATHS = (
					"$(inherited)",
					"@executable_path/Frameworks",
				);
				PRODUCT_BUNDLE_IDENTIFIER = com.nick.playground.RestaurantDiscovery;
				PRODUCT_NAME = "$(TARGET_NAME)";
				SWIFT_VERSION = 5.0;
				TARGETED_DEVICE_FAMILY = "1,2";
			};
			name = Release;
		};
		0140798526F3DE810020ACC1 /* Debug */ = {
			isa = XCBuildConfiguration;
			baseConfigurationReference = 16BC01D29189B20A36E935EE /* Pods-RestaurantDiscoveryTests.debug.xcconfig */;
			buildSettings = {
				ALWAYS_EMBED_SWIFT_STANDARD_LIBRARIES = YES;
				BUNDLE_LOADER = "$(TEST_HOST)";
				CODE_SIGN_STYLE = Automatic;
				DEVELOPMENT_TEAM = JV4K4AEVUU;
				INFOPLIST_FILE = RestaurantDiscoveryTests/Info.plist;
				IPHONEOS_DEPLOYMENT_TARGET = 14.5;
				LD_RUNPATH_SEARCH_PATHS = (
					"$(inherited)",
					"@executable_path/Frameworks",
					"@loader_path/Frameworks",
				);
				PRODUCT_BUNDLE_IDENTIFIER = com.nick.playground.RestaurantDiscoveryTests;
				PRODUCT_NAME = "$(TARGET_NAME)";
				SWIFT_VERSION = 5.0;
				TARGETED_DEVICE_FAMILY = "1,2";
				TEST_HOST = "$(BUILT_PRODUCTS_DIR)/RestaurantDiscovery.app/RestaurantDiscovery";
			};
			name = Debug;
		};
		0140798626F3DE810020ACC1 /* Release */ = {
			isa = XCBuildConfiguration;
			baseConfigurationReference = 070EF753DC70972333827C5E /* Pods-RestaurantDiscoveryTests.release.xcconfig */;
			buildSettings = {
				ALWAYS_EMBED_SWIFT_STANDARD_LIBRARIES = YES;
				BUNDLE_LOADER = "$(TEST_HOST)";
				CODE_SIGN_STYLE = Automatic;
				DEVELOPMENT_TEAM = JV4K4AEVUU;
				INFOPLIST_FILE = RestaurantDiscoveryTests/Info.plist;
				IPHONEOS_DEPLOYMENT_TARGET = 14.5;
				LD_RUNPATH_SEARCH_PATHS = (
					"$(inherited)",
					"@executable_path/Frameworks",
					"@loader_path/Frameworks",
				);
				PRODUCT_BUNDLE_IDENTIFIER = com.nick.playground.RestaurantDiscoveryTests;
				PRODUCT_NAME = "$(TARGET_NAME)";
				SWIFT_VERSION = 5.0;
				TARGETED_DEVICE_FAMILY = "1,2";
				TEST_HOST = "$(BUILT_PRODUCTS_DIR)/RestaurantDiscovery.app/RestaurantDiscovery";
			};
			name = Release;
		};
		0140798826F3DE810020ACC1 /* Debug */ = {
			isa = XCBuildConfiguration;
			baseConfigurationReference = 1897E4FF85D776ACB5442DFD /* Pods-RestaurantDiscovery-RestaurantDiscoveryUITests.debug.xcconfig */;
			buildSettings = {
				ALWAYS_EMBED_SWIFT_STANDARD_LIBRARIES = YES;
				CODE_SIGN_STYLE = Automatic;
				DEVELOPMENT_TEAM = JV4K4AEVUU;
				INFOPLIST_FILE = RestaurantDiscoveryUITests/Info.plist;
				LD_RUNPATH_SEARCH_PATHS = (
					"$(inherited)",
					"@executable_path/Frameworks",
					"@loader_path/Frameworks",
				);
				PRODUCT_BUNDLE_IDENTIFIER = com.nick.playground.RestaurantDiscoveryUITests;
				PRODUCT_NAME = "$(TARGET_NAME)";
				SWIFT_VERSION = 5.0;
				TARGETED_DEVICE_FAMILY = "1,2";
				TEST_TARGET_NAME = RestaurantDiscovery;
			};
			name = Debug;
		};
		0140798926F3DE810020ACC1 /* Release */ = {
			isa = XCBuildConfiguration;
			baseConfigurationReference = 6FDB140A1F57BE336E1EF05D /* Pods-RestaurantDiscovery-RestaurantDiscoveryUITests.release.xcconfig */;
			buildSettings = {
				ALWAYS_EMBED_SWIFT_STANDARD_LIBRARIES = YES;
				CODE_SIGN_STYLE = Automatic;
				DEVELOPMENT_TEAM = JV4K4AEVUU;
				INFOPLIST_FILE = RestaurantDiscoveryUITests/Info.plist;
				LD_RUNPATH_SEARCH_PATHS = (
					"$(inherited)",
					"@executable_path/Frameworks",
					"@loader_path/Frameworks",
				);
				PRODUCT_BUNDLE_IDENTIFIER = com.nick.playground.RestaurantDiscoveryUITests;
				PRODUCT_NAME = "$(TARGET_NAME)";
				SWIFT_VERSION = 5.0;
				TARGETED_DEVICE_FAMILY = "1,2";
				TEST_TARGET_NAME = RestaurantDiscovery;
			};
			name = Release;
		};
/* End XCBuildConfiguration section */

/* Begin XCConfigurationList section */
		0140795226F3DE7F0020ACC1 /* Build configuration list for PBXProject "RestaurantDiscovery" */ = {
			isa = XCConfigurationList;
			buildConfigurations = (
				0140797F26F3DE810020ACC1 /* Debug */,
				0140798026F3DE810020ACC1 /* Release */,
			);
			defaultConfigurationIsVisible = 0;
			defaultConfigurationName = Release;
		};
		0140798126F3DE810020ACC1 /* Build configuration list for PBXNativeTarget "RestaurantDiscovery" */ = {
			isa = XCConfigurationList;
			buildConfigurations = (
				0140798226F3DE810020ACC1 /* Debug */,
				0140798326F3DE810020ACC1 /* Release */,
			);
			defaultConfigurationIsVisible = 0;
			defaultConfigurationName = Release;
		};
		0140798426F3DE810020ACC1 /* Build configuration list for PBXNativeTarget "RestaurantDiscoveryTests" */ = {
			isa = XCConfigurationList;
			buildConfigurations = (
				0140798526F3DE810020ACC1 /* Debug */,
				0140798626F3DE810020ACC1 /* Release */,
			);
			defaultConfigurationIsVisible = 0;
			defaultConfigurationName = Release;
		};
		0140798726F3DE810020ACC1 /* Build configuration list for PBXNativeTarget "RestaurantDiscoveryUITests" */ = {
			isa = XCConfigurationList;
			buildConfigurations = (
				0140798826F3DE810020ACC1 /* Debug */,
				0140798926F3DE810020ACC1 /* Release */,
			);
			defaultConfigurationIsVisible = 0;
			defaultConfigurationName = Release;
		};
/* End XCConfigurationList section */
	};
	rootObject = 0140794F26F3DE7F0020ACC1 /* Project object */;
}
